
Microsoft Visual Studio Solution File, Format Version 12.00
# Visual Studio Version 16
VisualStudioVersion = 16.0.30517.126
MinimumVisualStudioVersion = 10.0.40219.1
Project("{FAE04EC0-301F-11D3-BF4B-00C04F79EFBC}") = "MoreStrings", "MoreStrings\MoreStrings.csproj", "{9221AC60-FE08-4A6D-83C4-C4A7ED4194E2}"
EndProject
Project("{FAE04EC0-301F-11D3-BF4B-00C04F79EFBC}") = "AnotherStringToReverse", "AnotherStringToReverse\AnotherStringToReverse.csproj", "{FB88D3A7-E64C-46C1-9954-29F3E5E283D5}"
EndProject
Project("{FAE04EC0-301F-11D3-BF4B-00C04F79EFBC}") = "ACharCounter", "ACharCounter\ACharCounter.csproj", "{EB738946-CE34-4DB7-8764-EB8006113BDB}"
EndProject
Project("{FAE04EC0-301F-11D3-BF4B-00C04F79EFBC}") = "HOCounter", "HOCounter\HOCounter.csproj", "{4D9C869A-521A-4713-B2C4-FFAC5EDB189F}"
EndProject
Global
	GlobalSection(SolutionConfigurationPlatforms) = preSolution
		Debug|Any CPU = Debug|Any CPU
		Release|Any CPU = Release|Any CPU
	EndGlobalSection
	GlobalSection(ProjectConfigurationPlatforms) = postSolution
		{9221AC60-FE08-4A6D-83C4-C4A7ED4194E2}.Debug|Any CPU.ActiveCfg = Debug|Any CPU
		{9221AC60-FE08-4A6D-83C4-C4A7ED4194E2}.Debug|Any CPU.Build.0 = Debug|Any CPU
		{9221AC60-FE08-4A6D-83C4-C4A7ED4194E2}.Release|Any CPU.ActiveCfg = Release|Any CPU
		{9221AC60-FE08-4A6D-83C4-C4A7ED4194E2}.Release|Any CPU.Build.0 = Release|Any CPU
		{FB88D3A7-E64C-46C1-9954-29F3E5E283D5}.Debug|Any CPU.ActiveCfg = Debug|Any CPU
		{FB88D3A7-E64C-46C1-9954-29F3E5E283D5}.Debug|Any CPU.Build.0 = Debug|Any CPU
		{FB88D3A7-E64C-46C1-9954-29F3E5E283D5}.Release|Any CPU.ActiveCfg = Release|Any CPU
		{FB88D3A7-E64C-46C1-9954-29F3E5E283D5}.Release|Any CPU.Build.0 = Release|Any CPU
		{EB738946-CE34-4DB7-8764-EB8006113BDB}.Debug|Any CPU.ActiveCfg = Debug|Any CPU
		{EB738946-CE34-4DB7-8764-EB8006113BDB}.Debug|Any CPU.Build.0 = Debug|Any CPU
		{EB738946-CE34-4DB7-8764-EB8006113BDB}.Release|Any CPU.ActiveCfg = Release|Any CPU
		{EB738946-CE34-4DB7-8764-EB8006113BDB}.Release|Any CPU.Build.0 = Release|Any CPU
		{4D9C869A-521A-4713-B2C4-FFAC5EDB189F}.Debug|Any CPU.ActiveCfg = Debug|Any CPU
		{4D9C869A-521A-4713-B2C4-FFAC5EDB189F}.Debug|Any CPU.Build.0 = Debug|Any CPU
		{4D9C869A-521A-4713-B2C4-FFAC5EDB189F}.Release|Any CPU.ActiveCfg = Release|Any CPU
		{4D9C869A-521A-4713-B2C4-FFAC5EDB189F}.Release|Any CPU.Build.0 = Release|Any CPU
	EndGlobalSection
	GlobalSection(SolutionProperties) = preSolution
		HideSolutionNode = FALSE
	EndGlobalSection
	GlobalSection(ExtensibilityGlobals) = postSolution
		SolutionGuid = {1EACF12E-17BD-4C6E-84BD-A1C25FA3AB25}
	EndGlobalSection
EndGlobal
